<Solution>
  <Project Path="mod/FixWorld/Source/Mod/FixWorld.Mod.csproj" />
  <Project Path="mod/FixWorld/Source/Loader/FixWorld.Loader.csproj" />
  <Project Path="mod/FixWorld/Source/Preloader/FixWorld.Preloader.csproj" />
  <Project Path="mod/FixWorld/Source/Tool/FixWorld.Tool.csproj" />
  <Project Path="mod/FixWorld/Source/Runtime/FixWorld.Runtime.csproj" />
  <Project Path="mod/FixWorld/Tests/Scheduling.Contracts/FixWorld.Scheduling.Contracts.csproj" />
</Solution>
